Microsoft Visual Studio Solution File, Format Version 12.00
# Visual Studio Version 17
VisualStudioVersion = 17.0.31903.59
MinimumVisualStudioVersion = 10.0.40219.1
Project("{FAE04EC0-301F-11D3-BF4B-00C04F79EFBC}") = "Pedidos.Api", "src\Pedidos.Api\Pedidos.Api.csproj", "{A21B53D7-8C9A-4FAF-A4B5-6DF6B68151C1}"
EndProject
Project("{FAE04EC0-301F-11D3-BF4B-00C04F79EFBC}") = "Pedidos.Api.Tests", "tests\Pedidos.Api.Tests\Pedidos.Api.Tests.csproj", "{40F99BA4-A518-4B42-93C6-75A950844930}"
EndProject
Global
	GlobalSection(SolutionConfigurationPlatforms) = preSolution
		Debug|Any CPU = Debug|Any CPU
		Release|Any CPU = Release|Any CPU
	EndGlobalSection
	GlobalSection(ProjectConfigurationPlatforms) = postSolution
		{A21B53D7-8C9A-4FAF-A4B5-6DF6B68151C1}.Debug|Any CPU.ActiveCfg = Debug|Any CPU
		{A21B53D7-8C9A-4FAF-A4B5-6DF6B68151C1}.Debug|Any CPU.Build.0 = Debug|Any CPU
		{A21B53D7-8C9A-4FAF-A4B5-6DF6B68151C1}.Release|Any CPU.ActiveCfg = Release|Any CPU
		{A21B53D7-8C9A-4FAF-A4B5-6DF6B68151C1}.Release|Any CPU.Build.0 = Release|Any CPU
		{40F99BA4-A518-4B42-93C6-75A950844930}.Debug|Any CPU.ActiveCfg = Debug|Any CPU
		{40F99BA4-A518-4B42-93C6-75A950844930}.Debug|Any CPU.Build.0 = Debug|Any CPU
		{40F99BA4-A518-4B42-93C6-75A950844930}.Release|Any CPU.ActiveCfg = Release|Any CPU
		{40F99BA4-A518-4B42-93C6-75A950844930}.Release|Any CPU.Build.0 = Release|Any CPU
	EndGlobalSection
EndGlobal
